
Microsoft Visual Studio Solution File, Format Version 12.00
# Visual Studio Version 17
VisualStudioVersion = 17.3.32825.248
MinimumVisualStudioVersion = 10.0.40219.1
Project("{8BC9CEB8-8B4A-11D0-8D11-00A0C91BC942}") = "task1_var8", "task1_var8\task1_var8.vcxproj", "{D03FF457-62B4-421A-8648-65BF9B87B519}"
EndProject
Global
	GlobalSection(SolutionConfigurationPlatforms) = preSolution
		Debug|x64 = Debug|x64
		Debug|x86 = Debug|x86
		Release|x64 = Release|x64
		Release|x86 = Release|x86
	EndGlobalSection
	GlobalSection(ProjectConfigurationPlatforms) = postSolution
		{D03FF457-62B4-421A-8648-65BF9B87B519}.Debug|x64.ActiveCfg = Debug|x64
		{D03FF457-62B4-421A-8648-65BF9B87B519}.Debug|x64.Build.0 = Debug|x64
		{D03FF457-62B4-421A-8648-65BF9B87B519}.Debug|x86.ActiveCfg = Debug|Win32
		{D03FF457-62B4-421A-8648-65BF9B87B519}.Debug|x86.Build.0 = Debug|Win32
		{D03FF457-62B4-421A-8648-65BF9B87B519}.Release|x64.ActiveCfg = Release|x64
		{D03FF457-62B4-421A-8648-65BF9B87B519}.Release|x64.Build.0 = Release|x64
		{D03FF457-62B4-421A-8648-65BF9B87B519}.Release|x86.ActiveCfg = Release|Win32
		{D03FF457-62B4-421A-8648-65BF9B87B519}.Release|x86.Build.0 = Release|Win32
	EndGlobalSection
	GlobalSection(SolutionProperties) = preSolution
		HideSolutionNode = FALSE
	EndGlobalSection
	GlobalSection(ExtensibilityGlobals) = postSolution
		SolutionGuid = {FA91F3E7-F6B0-4A5F-96FF-2A86350156B2}
	EndGlobalSection
EndGlobal
