
Microsoft Visual Studio Solution File, Format Version 12.00
# Visual Studio Version 17
VisualStudioVersion = 17.7.34018.315
MinimumVisualStudioVersion = 10.0.40219.1
Project("{8BC9CEB8-8B4A-11D0-8D11-00A0C91BC942}") = "laba1", "laba1\laba1.vcxproj", "{91226BAB-9E86-4DFE-8DEB-2A90AC9AD1C8}"
EndProject
Global
	GlobalSection(SolutionConfigurationPlatforms) = preSolution
		Debug|x64 = Debug|x64
		Debug|x86 = Debug|x86
		Release|x64 = Release|x64
		Release|x86 = Release|x86
	EndGlobalSection
	GlobalSection(ProjectConfigurationPlatforms) = postSolution
		{91226BAB-9E86-4DFE-8DEB-2A90AC9AD1C8}.Debug|x64.ActiveCfg = Debug|x64
		{91226BAB-9E86-4DFE-8DEB-2A90AC9AD1C8}.Debug|x64.Build.0 = Debug|x64
		{91226BAB-9E86-4DFE-8DEB-2A90AC9AD1C8}.Debug|x86.ActiveCfg = Debug|Win32
		{91226BAB-9E86-4DFE-8DEB-2A90AC9AD1C8}.Debug|x86.Build.0 = Debug|Win32
		{91226BAB-9E86-4DFE-8DEB-2A90AC9AD1C8}.Release|x64.ActiveCfg = Release|x64
		{91226BAB-9E86-4DFE-8DEB-2A90AC9AD1C8}.Release|x64.Build.0 = Release|x64
		{91226BAB-9E86-4DFE-8DEB-2A90AC9AD1C8}.Release|x86.ActiveCfg = Release|Win32
		{91226BAB-9E86-4DFE-8DEB-2A90AC9AD1C8}.Release|x86.Build.0 = Release|Win32
	EndGlobalSection
	GlobalSection(SolutionProperties) = preSolution
		HideSolutionNode = FALSE
	EndGlobalSection
	GlobalSection(ExtensibilityGlobals) = postSolution
		SolutionGuid = {71DB8A8E-EAB1-4AB4-A36F-D7C71D009BE6}
	EndGlobalSection
EndGlobal
