
Microsoft Visual Studio Solution File, Format Version 12.00
# Visual Studio Version 17
VisualStudioVersion = 17.11.35327.3
MinimumVisualStudioVersion = 10.0.40219.1
Project("{8BC9CEB8-8B4A-11D0-8D11-00A0C91BC942}") = "lab6Server", "lab6Server.vcxproj", "{AA9317BA-AEF6-47CA-A8F4-7157674B127C}"
EndProject
Global
	GlobalSection(SolutionConfigurationPlatforms) = preSolution
		Debug|x64 = Debug|x64
		Debug|x86 = Debug|x86
		Release|x64 = Release|x64
		Release|x86 = Release|x86
	EndGlobalSection
	GlobalSection(ProjectConfigurationPlatforms) = postSolution
		{AA9317BA-AEF6-47CA-A8F4-7157674B127C}.Debug|x64.ActiveCfg = Debug|x64
		{AA9317BA-AEF6-47CA-A8F4-7157674B127C}.Debug|x64.Build.0 = Debug|x64
		{AA9317BA-AEF6-47CA-A8F4-7157674B127C}.Debug|x86.ActiveCfg = Debug|Win32
		{AA9317BA-AEF6-47CA-A8F4-7157674B127C}.Debug|x86.Build.0 = Debug|Win32
		{AA9317BA-AEF6-47CA-A8F4-7157674B127C}.Release|x64.ActiveCfg = Release|x64
		{AA9317BA-AEF6-47CA-A8F4-7157674B127C}.Release|x64.Build.0 = Release|x64
		{AA9317BA-AEF6-47CA-A8F4-7157674B127C}.Release|x86.ActiveCfg = Release|Win32
		{AA9317BA-AEF6-47CA-A8F4-7157674B127C}.Release|x86.Build.0 = Release|Win32
	EndGlobalSection
	GlobalSection(SolutionProperties) = preSolution
		HideSolutionNode = FALSE
	EndGlobalSection
	GlobalSection(ExtensibilityGlobals) = postSolution
		SolutionGuid = {3048B935-ADBF-4A55-BAC9-9A2FF5132D41}
	EndGlobalSection
EndGlobal
