
Microsoft Visual Studio Solution File, Format Version 12.00
# Visual Studio Version 17
VisualStudioVersion = 17.7.34018.315
MinimumVisualStudioVersion = 10.0.40219.1
Project("{8BC9CEB8-8B4A-11D0-8D11-00A0C91BC942}") = "laba3", "laba3.vcxproj", "{DABC0DE6-5B2C-4926-89EE-163DA85F899D}"
EndProject
Global
	GlobalSection(SolutionConfigurationPlatforms) = preSolution
		Debug|x64 = Debug|x64
		Debug|x86 = Debug|x86
		Release|x64 = Release|x64
		Release|x86 = Release|x86
	EndGlobalSection
	GlobalSection(ProjectConfigurationPlatforms) = postSolution
		{DABC0DE6-5B2C-4926-89EE-163DA85F899D}.Debug|x64.ActiveCfg = Debug|x64
		{DABC0DE6-5B2C-4926-89EE-163DA85F899D}.Debug|x64.Build.0 = Debug|x64
		{DABC0DE6-5B2C-4926-89EE-163DA85F899D}.Debug|x86.ActiveCfg = Debug|Win32
		{DABC0DE6-5B2C-4926-89EE-163DA85F899D}.Debug|x86.Build.0 = Debug|Win32
		{DABC0DE6-5B2C-4926-89EE-163DA85F899D}.Release|x64.ActiveCfg = Release|x64
		{DABC0DE6-5B2C-4926-89EE-163DA85F899D}.Release|x64.Build.0 = Release|x64
		{DABC0DE6-5B2C-4926-89EE-163DA85F899D}.Release|x86.ActiveCfg = Release|Win32
		{DABC0DE6-5B2C-4926-89EE-163DA85F899D}.Release|x86.Build.0 = Release|Win32
	EndGlobalSection
	GlobalSection(SolutionProperties) = preSolution
		HideSolutionNode = FALSE
	EndGlobalSection
	GlobalSection(ExtensibilityGlobals) = postSolution
		SolutionGuid = {39422455-658E-40B8-ADD3-6E0E338C87CB}
	EndGlobalSection
EndGlobal
