
Microsoft Visual Studio Solution File, Format Version 12.00
# Visual Studio Version 17
VisualStudioVersion = 17.3.32825.248
MinimumVisualStudioVersion = 10.0.40219.1
Project("{8BC9CEB8-8B4A-11D0-8D11-00A0C91BC942}") = "task3_var8", "task3_var8\task3_var8.vcxproj", "{569ED892-C6EA-4461-8354-94EC32A82E39}"
EndProject
Global
	GlobalSection(SolutionConfigurationPlatforms) = preSolution
		Debug|x64 = Debug|x64
		Debug|x86 = Debug|x86
		Release|x64 = Release|x64
		Release|x86 = Release|x86
	EndGlobalSection
	GlobalSection(ProjectConfigurationPlatforms) = postSolution
		{569ED892-C6EA-4461-8354-94EC32A82E39}.Debug|x64.ActiveCfg = Debug|x64
		{569ED892-C6EA-4461-8354-94EC32A82E39}.Debug|x64.Build.0 = Debug|x64
		{569ED892-C6EA-4461-8354-94EC32A82E39}.Debug|x86.ActiveCfg = Debug|Win32
		{569ED892-C6EA-4461-8354-94EC32A82E39}.Debug|x86.Build.0 = Debug|Win32
		{569ED892-C6EA-4461-8354-94EC32A82E39}.Release|x64.ActiveCfg = Release|x64
		{569ED892-C6EA-4461-8354-94EC32A82E39}.Release|x64.Build.0 = Release|x64
		{569ED892-C6EA-4461-8354-94EC32A82E39}.Release|x86.ActiveCfg = Release|Win32
		{569ED892-C6EA-4461-8354-94EC32A82E39}.Release|x86.Build.0 = Release|Win32
	EndGlobalSection
	GlobalSection(SolutionProperties) = preSolution
		HideSolutionNode = FALSE
	EndGlobalSection
	GlobalSection(ExtensibilityGlobals) = postSolution
		SolutionGuid = {F96D7311-0CEC-47F4-BD6A-DF382D99FA87}
	EndGlobalSection
EndGlobal
